// !$*UTF8*$!
{
	archiveVersion = 1;
	classes = {
	};
	objectVersion = 50;
	objects = {

/* Begin PBXBuildFile section */
		444CEA5024BCFDD500C9CC0B /* Question.swift in Sources */ = {isa = PBXBuildFile; fileRef = 444CEA4F24BCFDD500C9CC0B /* Question.swift */; };
		444CEA5224BCFE6300C9CC0B /* QuestionsFactory.swift in Sources */ = {isa = PBXBuildFile; fileRef = 444CEA5124BCFE6300C9CC0B /* QuestionsFactory.swift */; };
		44C739A924B7E09800520BF8 /* AppDelegate.swift in Sources */ = {isa = PBXBuildFile; fileRef = 44C739A824B7E09800520BF8 /* AppDelegate.swift */; };
		44C739AB24B7E09800520BF8 /* SceneDelegate.swift in Sources */ = {isa = PBXBuildFile; fileRef = 44C739AA24B7E09800520BF8 /* SceneDelegate.swift */; };
		44C739AD24B7E09800520BF8 /* ViewController.swift in Sources */ = {isa = PBXBuildFile; fileRef = 44C739AC24B7E09800520BF8 /* ViewController.swift */; };
		44C739B024B7E09800520BF8 /* Main.storyboard in Resources */ = {isa = PBXBuildFile; fileRef = 44C739AE24B7E09800520BF8 /* Main.storyboard */; };
		44C739B224B7E09900520BF8 /* Assets.xcassets in Resources */ = {isa = PBXBuildFile; fileRef = 44C739B124B7E09900520BF8 /* Assets.xcassets */; };
		44C739B524B7E09900520BF8 /* LaunchScreen.storyboard in Resources */ = {isa = PBXBuildFile; fileRef = 44C739B324B7E09900520BF8 /* LaunchScreen.storyboard */; };
		44C739BD24B81D5400520BF8 /* MnistModel.mlmodel in Sources */ = {isa = PBXBuildFile; fileRef = 44C739BC24B81D5400520BF8 /* MnistModel.mlmodel */; };
		44C739BF24B8220700520BF8 /* DrawingImageView.swift in Sources */ = {isa = PBXBuildFile; fileRef = 44C739BE24B8220700520BF8 /* DrawingImageView.swift */; };
/* End PBXBuildFile section */

/* Begin PBXFileReference section */
		444CEA4F24BCFDD500C9CC0B /* Question.swift */ = {isa = PBXFileReference; lastKnownFileType = sourcecode.swift; path = Question.swift; sourceTree = "<group>"; };
		444CEA5124BCFE6300C9CC0B /* QuestionsFactory.swift */ = {isa = PBXFileReference; lastKnownFileType = sourcecode.swift; path = QuestionsFactory.swift; sourceTree = "<group>"; };
		44C739A524B7E09800520BF8 /* 07-MathsTraining.app */ = {isa = PBXFileReference; explicitFileType = wrapper.application; includeInIndex = 0; path = "07-MathsTraining.app"; sourceTree = BUILT_PRODUCTS_DIR; };
		44C739A824B7E09800520BF8 /* AppDelegate.swift */ = {isa = PBXFileReference; lastKnownFileType = sourcecode.swift; path = AppDelegate.swift; sourceTree = "<group>"; };
		44C739AA24B7E09800520BF8 /* SceneDelegate.swift */ = {isa = PBXFileReference; lastKnownFileType = sourcecode.swift; path = SceneDelegate.swift; sourceTree = "<group>"; };
		44C739AC24B7E09800520BF8 /* ViewController.swift */ = {isa = PBXFileReference; lastKnownFileType = sourcecode.swift; path = ViewController.swift; sourceTree = "<group>"; };
		44C739AF24B7E09800520BF8 /* Base */ = {isa = PBXFileReference; lastKnownFileType = file.storyboard; name = Base; path = Base.lproj/Main.storyboard; sourceTree = "<group>"; };
		44C739B124B7E09900520BF8 /* Assets.xcassets */ = {isa = PBXFileReference; lastKnownFileType = folder.assetcatalog; path = Assets.xcassets; sourceTree = "<group>"; };
		44C739B424B7E09900520BF8 /* Base */ = {isa = PBXFileReference; lastKnownFileType = file.storyboard; name = Base; path = Base.lproj/LaunchScreen.storyboard; sourceTree = "<group>"; };
		44C739B624B7E09900520BF8 /* Info.plist */ = {isa = PBXFileReference; lastKnownFileType = text.plist.xml; path = Info.plist; sourceTree = "<group>"; };
		44C739BC24B81D5400520BF8 /* MnistModel.mlmodel */ = {isa = PBXFileReference; lastKnownFileType = file.mlmodel; path = MnistModel.mlmodel; sourceTree = "<group>"; };
		44C739BE24B8220700520BF8 /* DrawingImageView.swift */ = {isa = PBXFileReference; lastKnownFileType = sourcecode.swift; path = DrawingImageView.swift; sourceTree = "<group>"; };
/* End PBXFileReference section */

/* Begin PBXFrameworksBuildPhase section */
		44C739A224B7E09800520BF8 /* Frameworks */ = {
			isa = PBXFrameworksBuildPhase;
			buildActionMask = 2147483647;
			files = (
			);
			runOnlyForDeploymentPostprocessing = 0;
		};
/* End PBXFrameworksBuildPhase section */

/* Begin PBXGroup section */
		44C7399C24B7E09800520BF8 = {
			isa = PBXGroup;
			children = (
				44C739A724B7E09800520BF8 /* 07-MathsTraining */,
				44C739A624B7E09800520BF8 /* Products */,
			);
			sourceTree = "<group>";
		};
		44C739A624B7E09800520BF8 /* Products */ = {
			isa = PBXGroup;
			children = (
				44C739A524B7E09800520BF8 /* 07-MathsTraining.app */,
			);
			name = Products;
			sourceTree = "<group>";
		};
		44C739A724B7E09800520BF8 /* 07-MathsTraining */ = {
			isa = PBXGroup;
			children = (
				44C739C324B8224C00520BF8 /* SupportingFiles */,
				44C739C224B8224300520BF8 /* Model */,
				44C739C124B8223800520BF8 /* View */,
				44C739C024B8223000520BF8 /* Controller */,
			);
			path = "07-MathsTraining";
			sourceTree = "<group>";
		};
		44C739C024B8223000520BF8 /* Controller */ = {
			isa = PBXGroup;
			children = (
				44C739A824B7E09800520BF8 /* AppDelegate.swift */,
				44C739AA24B7E09800520BF8 /* SceneDelegate.swift */,
				44C739AC24B7E09800520BF8 /* ViewController.swift */,
			);
			path = Controller;
			sourceTree = "<group>";
		};
		44C739C124B8223800520BF8 /* View */ = {
			isa = PBXGroup;
			children = (
				44C739BE24B8220700520BF8 /* DrawingImageView.swift */,
				44C739B324B7E09900520BF8 /* LaunchScreen.storyboard */,
				44C739AE24B7E09800520BF8 /* Main.storyboard */,
			);
			path = View;
			sourceTree = "<group>";
		};
		44C739C224B8224300520BF8 /* Model */ = {
			isa = PBXGroup;
			children = (
				444CEA4F24BCFDD500C9CC0B /* Question.swift */,
				444CEA5124BCFE6300C9CC0B /* QuestionsFactory.swift */,
			);
			path = Model;
			sourceTree = "<group>";
		};
		44C739C324B8224C00520BF8 /* SupportingFiles */ = {
			isa = PBXGroup;
			children = (
				44C739BC24B81D5400520BF8 /* MnistModel.mlmodel */,
				44C739B124B7E09900520BF8 /* Assets.xcassets */,
				44C739B624B7E09900520BF8 /* Info.plist */,
			);
			path = SupportingFiles;
			sourceTree = "<group>";
		};
/* End PBXGroup section */

/* Begin PBXNativeTarget section */
		44C739A424B7E09800520BF8 /* 07-MathsTraining */ = {
			isa = PBXNativeTarget;
			buildConfigurationList = 44C739B924B7E09900520BF8 /* Build configuration list for PBXNativeTarget "07-MathsTraining" */;
			buildPhases = (
				44C739A124B7E09800520BF8 /* Sources */,
				44C739A224B7E09800520BF8 /* Frameworks */,
				44C739A324B7E09800520BF8 /* Resources */,
			);
			buildRules = (
			);
			dependencies = (
			);
			name = "07-MathsTraining";
			productName = "07-MathsTraining";
			productReference = 44C739A524B7E09800520BF8 /* 07-MathsTraining.app */;
			productType = "com.apple.product-type.application";
		};
/* End PBXNativeTarget section */

/* Begin PBXProject section */
		44C7399D24B7E09800520BF8 /* Project object */ = {
			isa = PBXProject;
			attributes = {
				LastSwiftUpdateCheck = 1150;
				LastUpgradeCheck = 1150;
				ORGANIZATIONNAME = "Ricardo Sanchez";
				TargetAttributes = {
					44C739A424B7E09800520BF8 = {
						CreatedOnToolsVersion = 11.5;
					};
				};
			};
			buildConfigurationList = 44C739A024B7E09800520BF8 /* Build configuration list for PBXProject "07-MathsTraining" */;
			compatibilityVersion = "Xcode 9.3";
			developmentRegion = en;
			hasScannedForEncodings = 0;
			knownRegions = (
				en,
				Base,
			);
			mainGroup = 44C7399C24B7E09800520BF8;
			productRefGroup = 44C739A624B7E09800520BF8 /* Products */;
			projectDirPath = "";
			projectRoot = "";
			targets = (
				44C739A424B7E09800520BF8 /* 07-MathsTraining */,
			);
		};
/* End PBXProject section */

/* Begin PBXResourcesBuildPhase section */
		44C739A324B7E09800520BF8 /* Resources */ = {
			isa = PBXResourcesBuildPhase;
			buildActionMask = 2147483647;
			files = (
				44C739B524B7E09900520BF8 /* LaunchScreen.storyboard in Resources */,
				44C739B224B7E09900520BF8 /* Assets.xcassets in Resources */,
				44C739B024B7E09800520BF8 /* Main.storyboard in Resources */,
			);
			runOnlyForDeploymentPostprocessing = 0;
		};
/* End PBXResourcesBuildPhase section */

/* Begin PBXSourcesBuildPhase section */
		44C739A124B7E09800520BF8 /* Sources */ = {
			isa = PBXSourcesBuildPhase;
			buildActionMask = 2147483647;
			files = (
				44C739BF24B8220700520BF8 /* DrawingImageView.swift in Sources */,
				44C739AD24B7E09800520BF8 /* ViewController.swift in Sources */,
				44C739A924B7E09800520BF8 /* AppDelegate.swift in Sources */,
				444CEA5024BCFDD500C9CC0B /* Question.swift in Sources */,
				44C739BD24B81D5400520BF8 /* MnistModel.mlmodel in Sources */,
				44C739AB24B7E09800520BF8 /* SceneDelegate.swift in Sources */,
				444CEA5224BCFE6300C9CC0B /* QuestionsFactory.swift in Sources */,
			);
			runOnlyForDeploymentPostprocessing = 0;
		};
/* End PBXSourcesBuildPhase section */

/* Begin PBXVariantGroup section */
		44C739AE24B7E09800520BF8 /* Main.storyboard */ = {
			isa = PBXVariantGroup;
			children = (
				44C739AF24B7E09800520BF8 /* Base */,
			);
			name = Main.storyboard;
			sourceTree = "<group>";
		};
		44C739B324B7E09900520BF8 /* LaunchScreen.storyboard */ = {
			isa = PBXVariantGroup;
			children = (
				44C739B424B7E09900520BF8 /* Base */,
			);
			name = LaunchScreen.storyboard;
			sourceTree = "<group>";
		};
/* End PBXVariantGroup section */

/* Begin XCBuildConfiguration section */
		44C739B724B7E09900520BF8 /* Debug */ = {
			isa = XCBuildConfiguration;
			buildSettings = {
				ALWAYS_SEARCH_USER_PATHS = NO;
				CLANG_ANALYZER_NONNULL = YES;
				CLANG_ANALYZER_NUMBER_OBJECT_CONVERSION = YES_AGGRESSIVE;
				CLANG_CXX_LANGUAGE_STANDARD = "gnu++14";
				CLANG_CXX_LIBRARY = "libc++";
				CLANG_ENABLE_MODULES = YES;
				CLANG_ENABLE_OBJC_ARC = YES;
				CLANG_ENABLE_OBJC_WEAK = YES;
				CLANG_WARN_BLOCK_CAPTURE_AUTORELEASING = YES;
				CLANG_WARN_BOOL_CONVERSION = YES;
				CLANG_WARN_COMMA = YES;
				CLANG_WARN_CONSTANT_CONVERSION = YES;
				CLANG_WARN_DEPRECATED_OBJC_IMPLEMENTATIONS = YES;
				CLANG_WARN_DIRECT_OBJC_ISA_USAGE = YES_ERROR;
				CLANG_WARN_DOCUMENTATION_COMMENTS = YES;
				CLANG_WARN_EMPTY_BODY = YES;
				CLANG_WARN_ENUM_CONVERSION = YES;
				CLANG_WARN_INFINITE_RECURSION = YES;
				CLANG_WARN_INT_CONVERSION = YES;
				CLANG_WARN_NON_LITERAL_NULL_CONVERSION = YES;
				CLANG_WARN_OBJC_IMPLICIT_RETAIN_SELF = YES;
				CLANG_WARN_OBJC_LITERAL_CONVERSION = YES;
				CLANG_WARN_OBJC_ROOT_CLASS = YES_ERROR;
				CLANG_WARN_RANGE_LOOP_ANALYSIS = YES;
				CLANG_WARN_STRICT_PROTOTYPES = YES;
				CLANG_WARN_SUSPICIOUS_MOVE = YES;
				CLANG_WARN_UNGUARDED_AVAILABILITY = YES_AGGRESSIVE;
				CLANG_WARN_UNREACHABLE_CODE = YES;
				CLANG_WARN__DUPLICATE_METHOD_MATCH = YES;
				COPY_PHASE_STRIP = NO;
				DEBUG_INFORMATION_FORMAT = dwarf;
				ENABLE_STRICT_OBJC_MSGSEND = YES;
				ENABLE_TESTABILITY = YES;
				GCC_C_LANGUAGE_STANDARD = gnu11;
				GCC_DYNAMIC_NO_PIC = NO;
				GCC_NO_COMMON_BLOCKS = YES;
				GCC_OPTIMIZATION_LEVEL = 0;
				GCC_PREPROCESSOR_DEFINITIONS = (
					"DEBUG=1",
					"$(inherited)",
				);
				GCC_WARN_64_TO_32_BIT_CONVERSION = YES;
				GCC_WARN_ABOUT_RETURN_TYPE = YES_ERROR;
				GCC_WARN_UNDECLARED_SELECTOR = YES;
				GCC_WARN_UNINITIALIZED_AUTOS = YES_AGGRESSIVE;
				GCC_WARN_UNUSED_FUNCTION = YES;
				GCC_WARN_UNUSED_VARIABLE = YES;
				IPHONEOS_DEPLOYMENT_TARGET = 13.5;
				MTL_ENABLE_DEBUG_INFO = INCLUDE_SOURCE;
				MTL_FAST_MATH = YES;
				ONLY_ACTIVE_ARCH = YES;
				SDKROOT = iphoneos;
				SWIFT_ACTIVE_COMPILATION_CONDITIONS = DEBUG;
				SWIFT_OPTIMIZATION_LEVEL = "-Onone";
			};
			name = Debug;
		};
		44C739B824B7E09900520BF8 /* Release */ = {
			isa = XCBuildConfiguration;
			buildSettings = {
				ALWAYS_SEARCH_USER_PATHS = NO;
				CLANG_ANALYZER_NONNULL = YES;
				CLANG_ANALYZER_NUMBER_OBJECT_CONVERSION = YES_AGGRESSIVE;
				CLANG_CXX_LANGUAGE_STANDARD = "gnu++14";
				CLANG_CXX_LIBRARY = "libc++";
				CLANG_ENABLE_MODULES = YES;
				CLANG_ENABLE_OBJC_ARC = YES;
				CLANG_ENABLE_OBJC_WEAK = YES;
				CLANG_WARN_BLOCK_CAPTURE_AUTORELEASING = YES;
				CLANG_WARN_BOOL_CONVERSION = YES;
				CLANG_WARN_COMMA = YES;
				CLANG_WARN_CONSTANT_CONVERSION = YES;
				CLANG_WARN_DEPRECATED_OBJC_IMPLEMENTATIONS = YES;
				CLANG_WARN_DIRECT_OBJC_ISA_USAGE = YES_ERROR;
				CLANG_WARN_DOCUMENTATION_COMMENTS = YES;
				CLANG_WARN_EMPTY_BODY = YES;
				CLANG_WARN_ENUM_CONVERSION = YES;
				CLANG_WARN_INFINITE_RECURSION = YES;
				CLANG_WARN_INT_CONVERSION = YES;
				CLANG_WARN_NON_LITERAL_NULL_CONVERSION = YES;
				CLANG_WARN_OBJC_IMPLICIT_RETAIN_SELF = YES;
				CLANG_WARN_OBJC_LITERAL_CONVERSION = YES;
				CLANG_WARN_OBJC_ROOT_CLASS = YES_ERROR;
				CLANG_WARN_RANGE_LOOP_ANALYSIS = YES;
				CLANG_WARN_STRICT_PROTOTYPES = YES;
				CLANG_WARN_SUSPICIOUS_MOVE = YES;
				CLANG_WARN_UNGUARDED_AVAILABILITY = YES_AGGRESSIVE;
				CLANG_WARN_UNREACHABLE_CODE = YES;
				CLANG_WARN__DUPLICATE_METHOD_MATCH = YES;
				COPY_PHASE_STRIP = NO;
				DEBUG_INFORMATION_FORMAT = "dwarf-with-dsym";
				ENABLE_NS_ASSERTIONS = NO;
				ENABLE_STRICT_OBJC_MSGSEND = YES;
				GCC_C_LANGUAGE_STANDARD = gnu11;
				GCC_NO_COMMON_BLOCKS = YES;
				GCC_WARN_64_TO_32_BIT_CONVERSION = YES;
				GCC_WARN_ABOUT_RETURN_TYPE = YES_ERROR;
				GCC_WARN_UNDECLARED_SELECTOR = YES;
				GCC_WARN_UNINITIALIZED_AUTOS = YES_AGGRESSIVE;
				GCC_WARN_UNUSED_FUNCTION = YES;
				GCC_WARN_UNUSED_VARIABLE = YES;
				IPHONEOS_DEPLOYMENT_TARGET = 13.5;
				MTL_ENABLE_DEBUG_INFO = NO;
				MTL_FAST_MATH = YES;
				SDKROOT = iphoneos;
				SWIFT_COMPILATION_MODE = wholemodule;
				SWIFT_OPTIMIZATION_LEVEL = "-O";
				VALIDATE_PRODUCT = YES;
			};
			name = Release;
		};
		44C739BA24B7E09900520BF8 /* Debug */ = {
			isa = XCBuildConfiguration;
			buildSettings = {
				ASSETCATALOG_COMPILER_APPICON_NAME = AppIcon;
				CODE_SIGN_STYLE = Automatic;
				DEVELOPMENT_TEAM = 87PHZ4NNGZ;
				INFOPLIST_FILE = "$(SRCROOT)/07-MathsTraining/SupportingFiles/Info.plist";
				LD_RUNPATH_SEARCH_PATHS = (
					"$(inherited)",
					"@executable_path/Frameworks",
				);
				PRODUCT_BUNDLE_IDENTIFIER = com.ricsaniosdev.MathsTraining;
				PRODUCT_NAME = "$(TARGET_NAME)";
				SWIFT_VERSION = 5.0;
				TARGETED_DEVICE_FAMILY = "1,2";
			};
			name = Debug;
		};
		44C739BB24B7E09900520BF8 /* Release */ = {
			isa = XCBuildConfiguration;
			buildSettings = {
				ASSETCATALOG_COMPILER_APPICON_NAME = AppIcon;
				CODE_SIGN_STYLE = Automatic;
				DEVELOPMENT_TEAM = 87PHZ4NNGZ;
				INFOPLIST_FILE = "$(SRCROOT)/07-MathsTraining/SupportingFiles/Info.plist";
				LD_RUNPATH_SEARCH_PATHS = (
					"$(inherited)",
					"@executable_path/Frameworks",
				);
				PRODUCT_BUNDLE_IDENTIFIER = com.ricsaniosdev.MathsTraining;
				PRODUCT_NAME = "$(TARGET_NAME)";
				SWIFT_VERSION = 5.0;
				TARGETED_DEVICE_FAMILY = "1,2";
			};
			name = Release;
		};
/* End XCBuildConfiguration section */

/* Begin XCConfigurationList section */
		44C739A024B7E09800520BF8 /* Build configuration list for PBXProject "07-MathsTraining" */ = {
			isa = XCConfigurationList;
			buildConfigurations = (
				44C739B724B7E09900520BF8 /* Debug */,
				44C739B824B7E09900520BF8 /* Release */,
			);
			defaultConfigurationIsVisible = 0;
			defaultConfigurationName = Release;
		};
		44C739B924B7E09900520BF8 /* Build configuration list for PBXNativeTarget "07-MathsTraining" */ = {
			isa = XCConfigurationList;
			buildConfigurations = (
				44C739BA24B7E09900520BF8 /* Debug */,
				44C739BB24B7E09900520BF8 /* Release */,
			);
			defaultConfigurationIsVisible = 0;
			defaultConfigurationName = Release;
		};
/* End XCConfigurationList section */
	};
	rootObject = 44C7399D24B7E09800520BF8 /* Project object */;
}
